// !$*UTF8*$!
{
	archiveVersion = 1;
	classes = {
	};
	objectVersion = 51;
	objects = {

/* Begin PBXBuildFile section */
		07370487246EE1E100013063 /* AppDelegate.swift in Sources */ = {isa = PBXBuildFile; fileRef = 07370486246EE1E100013063 /* AppDelegate.swift */; };
		07370489246EE1E100013063 /* SceneDelegate.swift in Sources */ = {isa = PBXBuildFile; fileRef = 07370488246EE1E100013063 /* SceneDelegate.swift */; };
		0737048B246EE1E100013063 /* ViewController.swift in Sources */ = {isa = PBXBuildFile; fileRef = 0737048A246EE1E100013063 /* ViewController.swift */; };
		0737048E246EE1E100013063 /* Main.storyboard in Resources */ = {isa = PBXBuildFile; fileRef = 0737048C246EE1E100013063 /* Main.storyboard */; };
		07370490246EE1E200013063 /* Assets.xcassets in Resources */ = {isa = PBXBuildFile; fileRef = 0737048F246EE1E200013063 /* Assets.xcassets */; };
		07370493246EE1E200013063 /* LaunchScreen.storyboard in Resources */ = {isa = PBXBuildFile; fileRef = 07370491246EE1E200013063 /* LaunchScreen.storyboard */; };
		073704A3246EE3B000013063 /* ConversationVC.swift in Sources */ = {isa = PBXBuildFile; fileRef = 073704A2246EE3B000013063 /* ConversationVC.swift */; };
		073704A6246EFE1200013063 /* LoginController.swift in Sources */ = {isa = PBXBuildFile; fileRef = 073704A5246EFE1200013063 /* LoginController.swift */; };
		073704A8246EFE3100013063 /* RegistrationController.swift in Sources */ = {isa = PBXBuildFile; fileRef = 073704A7246EFE3100013063 /* RegistrationController.swift */; };
		073704AA246F04EB00013063 /* Extensions.swift in Sources */ = {isa = PBXBuildFile; fileRef = 073704A9246F04EB00013063 /* Extensions.swift */; };
		073704AC246F274600013063 /* InputContainerView.swift in Sources */ = {isa = PBXBuildFile; fileRef = 073704AB246F274600013063 /* InputContainerView.swift */; };
		073704AE246F30A400013063 /* CustomTextField.swift in Sources */ = {isa = PBXBuildFile; fileRef = 073704AD246F30A400013063 /* CustomTextField.swift */; };
		073704B0246F407800013063 /* plus_photo@2x.png in Resources */ = {isa = PBXBuildFile; fileRef = 073704AF246F407800013063 /* plus_photo@2x.png */; };
		073704B2246F6A9300013063 /* LoginViewModel.swift in Sources */ = {isa = PBXBuildFile; fileRef = 073704B1246F6A9300013063 /* LoginViewModel.swift */; };
		073704B4246F7D0000013063 /* RegistrationViewModel.swift in Sources */ = {isa = PBXBuildFile; fileRef = 073704B3246F7D0000013063 /* RegistrationViewModel.swift */; };
		077668E52470501D00B01B89 /* GoogleService-Info.plist in Resources */ = {isa = PBXBuildFile; fileRef = 077668E42470501D00B01B89 /* GoogleService-Info.plist */; };
		07817CFC2472DE5A00F55451 /* ChatController.swift in Sources */ = {isa = PBXBuildFile; fileRef = 07817CFB2472DE5A00F55451 /* ChatController.swift */; };
		07C79EBC2471C80B00BE3FE6 /* AuthService.swift in Sources */ = {isa = PBXBuildFile; fileRef = 07C79EBB2471C80B00BE3FE6 /* AuthService.swift */; };
		07C79EBE24721ACF00BE3FE6 /* NewMessageController.swift in Sources */ = {isa = PBXBuildFile; fileRef = 07C79EBD24721ACF00BE3FE6 /* NewMessageController.swift */; };
		07C79EC0247220BE00BE3FE6 /* UserCell.swift in Sources */ = {isa = PBXBuildFile; fileRef = 07C79EBF247220BE00BE3FE6 /* UserCell.swift */; };
		07C79EC224722F2800BE3FE6 /* User.swift in Sources */ = {isa = PBXBuildFile; fileRef = 07C79EC124722F2800BE3FE6 /* User.swift */; };
		07C79EC424722FB800BE3FE6 /* Service.swift in Sources */ = {isa = PBXBuildFile; fileRef = 07C79EC324722FB800BE3FE6 /* Service.swift */; };
		6533DA8E22A0DCB2F3CE2E88 /* Pods_ChatApp.framework in Frameworks */ = {isa = PBXBuildFile; fileRef = 0E3AEAC8331ED8A1ACB6A759 /* Pods_ChatApp.framework */; };
/* End PBXBuildFile section */

/* Begin PBXFileReference section */
		07370483246EE1E000013063 /* ChatApp.app */ = {isa = PBXFileReference; explicitFileType = wrapper.application; includeInIndex = 0; path = ChatApp.app; sourceTree = BUILT_PRODUCTS_DIR; };
		07370486246EE1E100013063 /* AppDelegate.swift */ = {isa = PBXFileReference; lastKnownFileType = sourcecode.swift; path = AppDelegate.swift; sourceTree = "<group>"; };
		07370488246EE1E100013063 /* SceneDelegate.swift */ = {isa = PBXFileReference; lastKnownFileType = sourcecode.swift; path = SceneDelegate.swift; sourceTree = "<group>"; };
		0737048A246EE1E100013063 /* ViewController.swift */ = {isa = PBXFileReference; lastKnownFileType = sourcecode.swift; path = ViewController.swift; sourceTree = "<group>"; };
		0737048D246EE1E100013063 /* Base */ = {isa = PBXFileReference; lastKnownFileType = file.storyboard; name = Base; path = Base.lproj/Main.storyboard; sourceTree = "<group>"; };
		0737048F246EE1E200013063 /* Assets.xcassets */ = {isa = PBXFileReference; lastKnownFileType = folder.assetcatalog; path = Assets.xcassets; sourceTree = "<group>"; };
		07370492246EE1E200013063 /* Base */ = {isa = PBXFileReference; lastKnownFileType = file.storyboard; name = Base; path = Base.lproj/LaunchScreen.storyboard; sourceTree = "<group>"; };
		07370494246EE1E200013063 /* Info.plist */ = {isa = PBXFileReference; lastKnownFileType = text.plist.xml; path = Info.plist; sourceTree = "<group>"; };
		073704A2246EE3B000013063 /* ConversationVC.swift */ = {isa = PBXFileReference; lastKnownFileType = sourcecode.swift; path = ConversationVC.swift; sourceTree = "<group>"; };
		073704A5246EFE1200013063 /* LoginController.swift */ = {isa = PBXFileReference; lastKnownFileType = sourcecode.swift; path = LoginController.swift; sourceTree = "<group>"; };
		073704A7246EFE3100013063 /* RegistrationController.swift */ = {isa = PBXFileReference; lastKnownFileType = sourcecode.swift; path = RegistrationController.swift; sourceTree = "<group>"; };
		073704A9246F04EB00013063 /* Extensions.swift */ = {isa = PBXFileReference; lastKnownFileType = sourcecode.swift; path = Extensions.swift; sourceTree = "<group>"; };
		073704AB246F274600013063 /* InputContainerView.swift */ = {isa = PBXFileReference; lastKnownFileType = sourcecode.swift; path = InputContainerView.swift; sourceTree = "<group>"; };
		073704AD246F30A400013063 /* CustomTextField.swift */ = {isa = PBXFileReference; lastKnownFileType = sourcecode.swift; path = CustomTextField.swift; sourceTree = "<group>"; };
		073704AF246F407800013063 /* plus_photo@2x.png */ = {isa = PBXFileReference; lastKnownFileType = image.png; path = "plus_photo@2x.png"; sourceTree = "<group>"; };
		073704B1246F6A9300013063 /* LoginViewModel.swift */ = {isa = PBXFileReference; lastKnownFileType = sourcecode.swift; path = LoginViewModel.swift; sourceTree = "<group>"; };
		073704B3246F7D0000013063 /* RegistrationViewModel.swift */ = {isa = PBXFileReference; lastKnownFileType = sourcecode.swift; path = RegistrationViewModel.swift; sourceTree = "<group>"; };
		077668E42470501D00B01B89 /* GoogleService-Info.plist */ = {isa = PBXFileReference; fileEncoding = 4; lastKnownFileType = text.plist.xml; path = "GoogleService-Info.plist"; sourceTree = "<group>"; };
		07817CFB2472DE5A00F55451 /* ChatController.swift */ = {isa = PBXFileReference; lastKnownFileType = sourcecode.swift; path = ChatController.swift; sourceTree = "<group>"; };
		07C79EBB2471C80B00BE3FE6 /* AuthService.swift */ = {isa = PBXFileReference; lastKnownFileType = sourcecode.swift; path = AuthService.swift; sourceTree = "<group>"; };
		07C79EBD24721ACF00BE3FE6 /* NewMessageController.swift */ = {isa = PBXFileReference; lastKnownFileType = sourcecode.swift; path = NewMessageController.swift; sourceTree = SOURCE_ROOT; };
		07C79EBF247220BE00BE3FE6 /* UserCell.swift */ = {isa = PBXFileReference; lastKnownFileType = sourcecode.swift; name = UserCell.swift; path = ChatApp/UserCell.swift; sourceTree = SOURCE_ROOT; };
		07C79EC124722F2800BE3FE6 /* User.swift */ = {isa = PBXFileReference; lastKnownFileType = sourcecode.swift; path = User.swift; sourceTree = "<group>"; };
		07C79EC324722FB800BE3FE6 /* Service.swift */ = {isa = PBXFileReference; lastKnownFileType = sourcecode.swift; path = Service.swift; sourceTree = "<group>"; };
		0E3AEAC8331ED8A1ACB6A759 /* Pods_ChatApp.framework */ = {isa = PBXFileReference; explicitFileType = wrapper.framework; includeInIndex = 0; path = Pods_ChatApp.framework; sourceTree = BUILT_PRODUCTS_DIR; };
		CDC5D3B2809230373F0E5EBC /* Pods-ChatApp.debug.xcconfig */ = {isa = PBXFileReference; includeInIndex = 1; lastKnownFileType = text.xcconfig; name = "Pods-ChatApp.debug.xcconfig"; path = "Target Support Files/Pods-ChatApp/Pods-ChatApp.debug.xcconfig"; sourceTree = "<group>"; };
		EE4A80CA671E7EE399739A40 /* Pods-ChatApp.release.xcconfig */ = {isa = PBXFileReference; includeInIndex = 1; lastKnownFileType = text.xcconfig; name = "Pods-ChatApp.release.xcconfig"; path = "Target Support Files/Pods-ChatApp/Pods-ChatApp.release.xcconfig"; sourceTree = "<group>"; };
/* End PBXFileReference section */

/* Begin PBXFrameworksBuildPhase section */
		07370480246EE1E000013063 /* Frameworks */ = {
			isa = PBXFrameworksBuildPhase;
			buildActionMask = 2147483647;
			files = (
				6533DA8E22A0DCB2F3CE2E88 /* Pods_ChatApp.framework in Frameworks */,
			);
			runOnlyForDeploymentPostprocessing = 0;
		};
/* End PBXFrameworksBuildPhase section */

/* Begin PBXGroup section */
		0737047A246EE1E000013063 = {
			isa = PBXGroup;
			children = (
				07370485246EE1E000013063 /* ChatApp */,
				07370484246EE1E000013063 /* Products */,
				43A610F091EA0963C359A68D /* Pods */,
				180CAA977911C42FD30F80DC /* Frameworks */,
			);
			sourceTree = "<group>";
		};
		07370484246EE1E000013063 /* Products */ = {
			isa = PBXGroup;
			children = (
				07370483246EE1E000013063 /* ChatApp.app */,
			);
			name = Products;
			sourceTree = "<group>";
		};
		07370485246EE1E000013063 /* ChatApp */ = {
			isa = PBXGroup;
			children = (
				073704A0246EE24300013063 /* Utils */,
				0737049F246EE20E00013063 /* Model */,
				0737049E246EE20900013063 /* View */,
				0737049D246EE20700013063 /* ViewModel */,
				0737049C246EE20400013063 /* Controller */,
				0737049A246EE1FF00013063 /* API */,
				07370486246EE1E100013063 /* AppDelegate.swift */,
				07370488246EE1E100013063 /* SceneDelegate.swift */,
				0737048A246EE1E100013063 /* ViewController.swift */,
				0737048C246EE1E100013063 /* Main.storyboard */,
				0737048F246EE1E200013063 /* Assets.xcassets */,
				073704AF246F407800013063 /* plus_photo@2x.png */,
				07370491246EE1E200013063 /* LaunchScreen.storyboard */,
				07370494246EE1E200013063 /* Info.plist */,
				077668E42470501D00B01B89 /* GoogleService-Info.plist */,
			);
			path = ChatApp;
			sourceTree = "<group>";
		};
		0737049A246EE1FF00013063 /* API */ = {
			isa = PBXGroup;
			children = (
				07C79EBB2471C80B00BE3FE6 /* AuthService.swift */,
				07C79EC324722FB800BE3FE6 /* Service.swift */,
			);
			path = API;
			sourceTree = "<group>";
		};
		0737049C246EE20400013063 /* Controller */ = {
			isa = PBXGroup;
			children = (
				07C79EBD24721ACF00BE3FE6 /* NewMessageController.swift */,
				073704A2246EE3B000013063 /* ConversationVC.swift */,
				07817CFB2472DE5A00F55451 /* ChatController.swift */,
				073704A4246EFCC400013063 /* Authentication */,
			);
			path = Controller;
			sourceTree = "<group>";
		};
		0737049D246EE20700013063 /* ViewModel */ = {
			isa = PBXGroup;
			children = (
				073704B1246F6A9300013063 /* LoginViewModel.swift */,
				073704B3246F7D0000013063 /* RegistrationViewModel.swift */,
			);
			path = ViewModel;
			sourceTree = "<group>";
		};
		0737049E246EE20900013063 /* View */ = {
			isa = PBXGroup;
			children = (
				07C79EBF247220BE00BE3FE6 /* UserCell.swift */,
				073704AB246F274600013063 /* InputContainerView.swift */,
				073704AD246F30A400013063 /* CustomTextField.swift */,
			);
			path = View;
			sourceTree = "<group>";
		};
		0737049F246EE20E00013063 /* Model */ = {
			isa = PBXGroup;
			children = (
				07C79EC124722F2800BE3FE6 /* User.swift */,
			);
			path = Model;
			sourceTree = "<group>";
		};
		073704A0246EE24300013063 /* Utils */ = {
			isa = PBXGroup;
			children = (
				073704A9246F04EB00013063 /* Extensions.swift */,
			);
			path = Utils;
			sourceTree = "<group>";
		};
		073704A4246EFCC400013063 /* Authentication */ = {
			isa = PBXGroup;
			children = (
				073704A5246EFE1200013063 /* LoginController.swift */,
				073704A7246EFE3100013063 /* RegistrationController.swift */,
			);
			path = Authentication;
			sourceTree = "<group>";
		};
		180CAA977911C42FD30F80DC /* Frameworks */ = {
			isa = PBXGroup;
			children = (
				0E3AEAC8331ED8A1ACB6A759 /* Pods_ChatApp.framework */,
			);
			name = Frameworks;
			sourceTree = "<group>";
		};
		43A610F091EA0963C359A68D /* Pods */ = {
			isa = PBXGroup;
			children = (
				CDC5D3B2809230373F0E5EBC /* Pods-ChatApp.debug.xcconfig */,
				EE4A80CA671E7EE399739A40 /* Pods-ChatApp.release.xcconfig */,
			);
			path = Pods;
			sourceTree = "<group>";
		};
/* End PBXGroup section */

/* Begin PBXNativeTarget section */
		07370482246EE1E000013063 /* ChatApp */ = {
			isa = PBXNativeTarget;
			buildConfigurationList = 07370497246EE1E200013063 /* Build configuration list for PBXNativeTarget "ChatApp" */;
			buildPhases = (
				BA94A88E400FF48FF99583E0 /* [CP] Check Pods Manifest.lock */,
				0737047F246EE1E000013063 /* Sources */,
				07370480246EE1E000013063 /* Frameworks */,
				07370481246EE1E000013063 /* Resources */,
				8D77947CF6DE558FC4D0E895 /* [CP] Embed Pods Frameworks */,
			);
			buildRules = (
			);
			dependencies = (
			);
			name = ChatApp;
			productName = ChatApp;
			productReference = 07370483246EE1E000013063 /* ChatApp.app */;
			productType = "com.apple.product-type.application";
		};
/* End PBXNativeTarget section */

/* Begin PBXProject section */
		0737047B246EE1E000013063 /* Project object */ = {
			isa = PBXProject;
			attributes = {
				LastSwiftUpdateCheck = 1140;
				LastUpgradeCheck = 1140;
				ORGANIZATIONNAME = "Perseidas LLC";
				TargetAttributes = {
					07370482246EE1E000013063 = {
						CreatedOnToolsVersion = 11.4.1;
					};
				};
			};
			buildConfigurationList = 0737047E246EE1E000013063 /* Build configuration list for PBXProject "ChatApp" */;
			compatibilityVersion = "Xcode 9.3";
			developmentRegion = en;
			hasScannedForEncodings = 0;
			knownRegions = (
				en,
				Base,
			);
			mainGroup = 0737047A246EE1E000013063;
			productRefGroup = 07370484246EE1E000013063 /* Products */;
			projectDirPath = "";
			projectRoot = "";
			targets = (
				07370482246EE1E000013063 /* ChatApp */,
			);
		};
/* End PBXProject section */

/* Begin PBXResourcesBuildPhase section */
		07370481246EE1E000013063 /* Resources */ = {
			isa = PBXResourcesBuildPhase;
			buildActionMask = 2147483647;
			files = (
				07370493246EE1E200013063 /* LaunchScreen.storyboard in Resources */,
				07370490246EE1E200013063 /* Assets.xcassets in Resources */,
				077668E52470501D00B01B89 /* GoogleService-Info.plist in Resources */,
				0737048E246EE1E100013063 /* Main.storyboard in Resources */,
				073704B0246F407800013063 /* plus_photo@2x.png in Resources */,
			);
			runOnlyForDeploymentPostprocessing = 0;
		};
/* End PBXResourcesBuildPhase section */

/* Begin PBXShellScriptBuildPhase section */
		8D77947CF6DE558FC4D0E895 /* [CP] Embed Pods Frameworks */ = {
			isa = PBXShellScriptBuildPhase;
			buildActionMask = 2147483647;
			files = (
			);
			inputFileListPaths = (
				"${PODS_ROOT}/Target Support Files/Pods-ChatApp/Pods-ChatApp-frameworks-${CONFIGURATION}-input-files.xcfilelist",
			);
			name = "[CP] Embed Pods Frameworks";
			outputFileListPaths = (
				"${PODS_ROOT}/Target Support Files/Pods-ChatApp/Pods-ChatApp-frameworks-${CONFIGURATION}-output-files.xcfilelist",
			);
			runOnlyForDeploymentPostprocessing = 0;
			shellPath = /bin/sh;
			shellScript = "\"${PODS_ROOT}/Target Support Files/Pods-ChatApp/Pods-ChatApp-frameworks.sh\"\n";
			showEnvVarsInLog = 0;
		};
		BA94A88E400FF48FF99583E0 /* [CP] Check Pods Manifest.lock */ = {
			isa = PBXShellScriptBuildPhase;
			buildActionMask = 2147483647;
			files = (
			);
			inputFileListPaths = (
			);
			inputPaths = (
				"${PODS_PODFILE_DIR_PATH}/Podfile.lock",
				"${PODS_ROOT}/Manifest.lock",
			);
			name = "[CP] Check Pods Manifest.lock";
			outputFileListPaths = (
			);
			outputPaths = (
				"$(DERIVED_FILE_DIR)/Pods-ChatApp-checkManifestLockResult.txt",
			);
			runOnlyForDeploymentPostprocessing = 0;
			shellPath = /bin/sh;
			shellScript = "diff \"${PODS_PODFILE_DIR_PATH}/Podfile.lock\" \"${PODS_ROOT}/Manifest.lock\" > /dev/null\nif [ $? != 0 ] ; then\n    # print error to STDERR\n    echo \"error: The sandbox is not in sync with the Podfile.lock. Run 'pod install' or update your CocoaPods installation.\" >&2\n    exit 1\nfi\n# This output is used by Xcode 'outputs' to avoid re-running this script phase.\necho \"SUCCESS\" > \"${SCRIPT_OUTPUT_FILE_0}\"\n";
			showEnvVarsInLog = 0;
		};
/* End PBXShellScriptBuildPhase section */

/* Begin PBXSourcesBuildPhase section */
		0737047F246EE1E000013063 /* Sources */ = {
			isa = PBXSourcesBuildPhase;
			buildActionMask = 2147483647;
			files = (
				0737048B246EE1E100013063 /* ViewController.swift in Sources */,
				073704B4246F7D0000013063 /* RegistrationViewModel.swift in Sources */,
				073704AC246F274600013063 /* InputContainerView.swift in Sources */,
				07C79EBC2471C80B00BE3FE6 /* AuthService.swift in Sources */,
				07370487246EE1E100013063 /* AppDelegate.swift in Sources */,
				07370489246EE1E100013063 /* SceneDelegate.swift in Sources */,
				07C79EC0247220BE00BE3FE6 /* UserCell.swift in Sources */,
				073704A3246EE3B000013063 /* ConversationVC.swift in Sources */,
				07C79EC224722F2800BE3FE6 /* User.swift in Sources */,
				07C79EC424722FB800BE3FE6 /* Service.swift in Sources */,
				073704A8246EFE3100013063 /* RegistrationController.swift in Sources */,
				073704A6246EFE1200013063 /* LoginController.swift in Sources */,
				073704AA246F04EB00013063 /* Extensions.swift in Sources */,
				073704B2246F6A9300013063 /* LoginViewModel.swift in Sources */,
				07817CFC2472DE5A00F55451 /* ChatController.swift in Sources */,
				073704AE246F30A400013063 /* CustomTextField.swift in Sources */,
				07C79EBE24721ACF00BE3FE6 /* NewMessageController.swift in Sources */,
			);
			runOnlyForDeploymentPostprocessing = 0;
		};
/* End PBXSourcesBuildPhase section */

/* Begin PBXVariantGroup section */
		0737048C246EE1E100013063 /* Main.storyboard */ = {
			isa = PBXVariantGroup;
			children = (
				0737048D246EE1E100013063 /* Base */,
			);
			name = Main.storyboard;
			sourceTree = "<group>";
		};
		07370491246EE1E200013063 /* LaunchScreen.storyboard */ = {
			isa = PBXVariantGroup;
			children = (
				07370492246EE1E200013063 /* Base */,
			);
			name = LaunchScreen.storyboard;
			sourceTree = "<group>";
		};
/* End PBXVariantGroup section */

/* Begin XCBuildConfiguration section */
		07370495246EE1E200013063 /* Debug */ = {
			isa = XCBuildConfiguration;
			buildSettings = {
				ALWAYS_SEARCH_USER_PATHS = NO;
				CLANG_ANALYZER_NONNULL = YES;
				CLANG_ANALYZER_NUMBER_OBJECT_CONVERSION = YES_AGGRESSIVE;
				CLANG_CXX_LANGUAGE_STANDARD = "gnu++14";
				CLANG_CXX_LIBRARY = "libc++";
				CLANG_ENABLE_MODULES = YES;
				CLANG_ENABLE_OBJC_ARC = YES;
				CLANG_ENABLE_OBJC_WEAK = YES;
				CLANG_WARN_BLOCK_CAPTURE_AUTORELEASING = YES;
				CLANG_WARN_BOOL_CONVERSION = YES;
				CLANG_WARN_COMMA = YES;
				CLANG_WARN_CONSTANT_CONVERSION = YES;
				CLANG_WARN_DEPRECATED_OBJC_IMPLEMENTATIONS = YES;
				CLANG_WARN_DIRECT_OBJC_ISA_USAGE = YES_ERROR;
				CLANG_WARN_DOCUMENTATION_COMMENTS = YES;
				CLANG_WARN_EMPTY_BODY = YES;
				CLANG_WARN_ENUM_CONVERSION = YES;
				CLANG_WARN_INFINITE_RECURSION = YES;
				CLANG_WARN_INT_CONVERSION = YES;
				CLANG_WARN_NON_LITERAL_NULL_CONVERSION = YES;
				CLANG_WARN_OBJC_IMPLICIT_RETAIN_SELF = YES;
				CLANG_WARN_OBJC_LITERAL_CONVERSION = YES;
				CLANG_WARN_OBJC_ROOT_CLASS = YES_ERROR;
				CLANG_WARN_RANGE_LOOP_ANALYSIS = YES;
				CLANG_WARN_STRICT_PROTOTYPES = YES;
				CLANG_WARN_SUSPICIOUS_MOVE = YES;
				CLANG_WARN_UNGUARDED_AVAILABILITY = YES_AGGRESSIVE;
				CLANG_WARN_UNREACHABLE_CODE = YES;
				CLANG_WARN__DUPLICATE_METHOD_MATCH = YES;
				COPY_PHASE_STRIP = NO;
				DEBUG_INFORMATION_FORMAT = dwarf;
				ENABLE_STRICT_OBJC_MSGSEND = YES;
				ENABLE_TESTABILITY = YES;
				GCC_C_LANGUAGE_STANDARD = gnu11;
				GCC_DYNAMIC_NO_PIC = NO;
				GCC_NO_COMMON_BLOCKS = YES;
				GCC_OPTIMIZATION_LEVEL = 0;
				GCC_PREPROCESSOR_DEFINITIONS = (
					"DEBUG=1",
					"$(inherited)",
				);
				GCC_WARN_64_TO_32_BIT_CONVERSION = YES;
				GCC_WARN_ABOUT_RETURN_TYPE = YES_ERROR;
				GCC_WARN_UNDECLARED_SELECTOR = YES;
				GCC_WARN_UNINITIALIZED_AUTOS = YES_AGGRESSIVE;
				GCC_WARN_UNUSED_FUNCTION = YES;
				GCC_WARN_UNUSED_VARIABLE = YES;
				IPHONEOS_DEPLOYMENT_TARGET = 13.4;
				MTL_ENABLE_DEBUG_INFO = INCLUDE_SOURCE;
				MTL_FAST_MATH = YES;
				ONLY_ACTIVE_ARCH = YES;
				SDKROOT = iphoneos;
				SWIFT_ACTIVE_COMPILATION_CONDITIONS = DEBUG;
				SWIFT_OPTIMIZATION_LEVEL = "-Onone";
			};
			name = Debug;
		};
		07370496246EE1E200013063 /* Release */ = {
			isa = XCBuildConfiguration;
			buildSettings = {
				ALWAYS_SEARCH_USER_PATHS = NO;
				CLANG_ANALYZER_NONNULL = YES;
				CLANG_ANALYZER_NUMBER_OBJECT_CONVERSION = YES_AGGRESSIVE;
				CLANG_CXX_LANGUAGE_STANDARD = "gnu++14";
				CLANG_CXX_LIBRARY = "libc++";
				CLANG_ENABLE_MODULES = YES;
				CLANG_ENABLE_OBJC_ARC = YES;
				CLANG_ENABLE_OBJC_WEAK = YES;
				CLANG_WARN_BLOCK_CAPTURE_AUTORELEASING = YES;
				CLANG_WARN_BOOL_CONVERSION = YES;
				CLANG_WARN_COMMA = YES;
				CLANG_WARN_CONSTANT_CONVERSION = YES;
				CLANG_WARN_DEPRECATED_OBJC_IMPLEMENTATIONS = YES;
				CLANG_WARN_DIRECT_OBJC_ISA_USAGE = YES_ERROR;
				CLANG_WARN_DOCUMENTATION_COMMENTS = YES;
				CLANG_WARN_EMPTY_BODY = YES;
				CLANG_WARN_ENUM_CONVERSION = YES;
				CLANG_WARN_INFINITE_RECURSION = YES;
				CLANG_WARN_INT_CONVERSION = YES;
				CLANG_WARN_NON_LITERAL_NULL_CONVERSION = YES;
				CLANG_WARN_OBJC_IMPLICIT_RETAIN_SELF = YES;
				CLANG_WARN_OBJC_LITERAL_CONVERSION = YES;
				CLANG_WARN_OBJC_ROOT_CLASS = YES_ERROR;
				CLANG_WARN_RANGE_LOOP_ANALYSIS = YES;
				CLANG_WARN_STRICT_PROTOTYPES = YES;
				CLANG_WARN_SUSPICIOUS_MOVE = YES;
				CLANG_WARN_UNGUARDED_AVAILABILITY = YES_AGGRESSIVE;
				CLANG_WARN_UNREACHABLE_CODE = YES;
				CLANG_WARN__DUPLICATE_METHOD_MATCH = YES;
				COPY_PHASE_STRIP = NO;
				DEBUG_INFORMATION_FORMAT = "dwarf-with-dsym";
				ENABLE_NS_ASSERTIONS = NO;
				ENABLE_STRICT_OBJC_MSGSEND = YES;
				GCC_C_LANGUAGE_STANDARD = gnu11;
				GCC_NO_COMMON_BLOCKS = YES;
				GCC_WARN_64_TO_32_BIT_CONVERSION = YES;
				GCC_WARN_ABOUT_RETURN_TYPE = YES_ERROR;
				GCC_WARN_UNDECLARED_SELECTOR = YES;
				GCC_WARN_UNINITIALIZED_AUTOS = YES_AGGRESSIVE;
				GCC_WARN_UNUSED_FUNCTION = YES;
				GCC_WARN_UNUSED_VARIABLE = YES;
				IPHONEOS_DEPLOYMENT_TARGET = 13.4;
				MTL_ENABLE_DEBUG_INFO = NO;
				MTL_FAST_MATH = YES;
				SDKROOT = iphoneos;
				SWIFT_COMPILATION_MODE = wholemodule;
				SWIFT_OPTIMIZATION_LEVEL = "-O";
				VALIDATE_PRODUCT = YES;
			};
			name = Release;
		};
		07370498246EE1E200013063 /* Debug */ = {
			isa = XCBuildConfiguration;
			baseConfigurationReference = CDC5D3B2809230373F0E5EBC /* Pods-ChatApp.debug.xcconfig */;
			buildSettings = {
				ASSETCATALOG_COMPILER_APPICON_NAME = AppIcon;
				CODE_SIGN_STYLE = Automatic;
				DEVELOPMENT_TEAM = P2U3DUAU82;
				INFOPLIST_FILE = ChatApp/Info.plist;
				LD_RUNPATH_SEARCH_PATHS = (
					"$(inherited)",
					"@executable_path/Frameworks",
				);
				PRODUCT_BUNDLE_IDENTIFIER = "com.erica-gutierrez.ChatApp";
				PRODUCT_NAME = "$(TARGET_NAME)";
				SWIFT_VERSION = 5.0;
				TARGETED_DEVICE_FAMILY = "1,2";
			};
			name = Debug;
		};
		07370499246EE1E200013063 /* Release */ = {
			isa = XCBuildConfiguration;
			baseConfigurationReference = EE4A80CA671E7EE399739A40 /* Pods-ChatApp.release.xcconfig */;
			buildSettings = {
				ASSETCATALOG_COMPILER_APPICON_NAME = AppIcon;
				CODE_SIGN_STYLE = Automatic;
				DEVELOPMENT_TEAM = P2U3DUAU82;
				INFOPLIST_FILE = ChatApp/Info.plist;
				LD_RUNPATH_SEARCH_PATHS = (
					"$(inherited)",
					"@executable_path/Frameworks",
				);
				PRODUCT_BUNDLE_IDENTIFIER = "com.erica-gutierrez.ChatApp";
				PRODUCT_NAME = "$(TARGET_NAME)";
				SWIFT_VERSION = 5.0;
				TARGETED_DEVICE_FAMILY = "1,2";
			};
			name = Release;
		};
/* End XCBuildConfiguration section */

/* Begin XCConfigurationList section */
		0737047E246EE1E000013063 /* Build configuration list for PBXProject "ChatApp" */ = {
			isa = XCConfigurationList;
			buildConfigurations = (
				07370495246EE1E200013063 /* Debug */,
				07370496246EE1E200013063 /* Release */,
			);
			defaultConfigurationIsVisible = 0;
			defaultConfigurationName = Release;
		};
		07370497246EE1E200013063 /* Build configuration list for PBXNativeTarget "ChatApp" */ = {
			isa = XCConfigurationList;
			buildConfigurations = (
				07370498246EE1E200013063 /* Debug */,
				07370499246EE1E200013063 /* Release */,
			);
			defaultConfigurationIsVisible = 0;
			defaultConfigurationName = Release;
		};
/* End XCConfigurationList section */
	};
	rootObject = 0737047B246EE1E000013063 /* Project object */;
}
